Microsoft Visual Studio Solution File, Format Version 12.00
Project("{9A19103F-16F7-4668-BE54-9A1E7A4F7556}") = "DTDLParser", "..\..\dotnet\src\DTDLParser\DTDLParser.csproj", "DADA917F-E174-4FC9-BD69-F54A587E4FAA"
EndProject
Project("{9A19103F-16F7-4668-BE54-9A1E7A4F7556}") = "Tutorial01", "Tutorial01\Tutorial01.csproj", "{09B5F009-3F9C-4C1E-A491-95403FC03CEA}"
EndProject
Project("{9A19103F-16F7-4668-BE54-9A1E7A4F7556}") = "Tutorial01Async", "Tutorial01Async\Tutorial01Async.csproj", "{54C2C037-D3AF-458D-9727-7D5167769B43}"
EndProject
Project("{9A19103F-16F7-4668-BE54-9A1E7A4F7556}") = "Tutorial02", "Tutorial02\Tutorial02.csproj", "{83510712-8A08-46AB-8194-76D673E1C321}"
EndProject
Project("{9A19103F-16F7-4668-BE54-9A1E7A4F7556}") = "Tutorial02Async", "Tutorial02Async\Tutorial02Async.csproj", "{4FD05CC8-A938-4EEC-9313-0790D2C3E805}"
EndProject
Project("{9A19103F-16F7-4668-BE54-9A1E7A4F7556}") = "Tutorial03", "Tutorial03\Tutorial03.csproj", "{43565DEB-1F9B-427A-A550-047A4B9027F3}"
EndProject
Project("{9A19103F-16F7-4668-BE54-9A1E7A4F7556}") = "Tutorial03Async", "Tutorial03Async\Tutorial03Async.csproj", "{EBF0383E-C565-4013-AB81-52BCC6AFFE3E}"
EndProject
Project("{9A19103F-16F7-4668-BE54-9A1E7A4F7556}") = "Tutorial04", "Tutorial04\Tutorial04.csproj", "{5BCCEA85-66CE-46A3-9241-347078F5F93C}"
EndProject
Project("{9A19103F-16F7-4668-BE54-9A1E7A4F7556}") = "Tutorial04Async", "Tutorial04Async\Tutorial04Async.csproj", "{8CA7711F-F1FD-41F7-B759-64215920D4D7}"
EndProject
Project("{9A19103F-16F7-4668-BE54-9A1E7A4F7556}") = "Tutorial05", "Tutorial05\Tutorial05.csproj", "{E7FFF723-5695-4FE9-9EC7-BD9E6BB4EF0D}"
EndProject
Project("{9A19103F-16F7-4668-BE54-9A1E7A4F7556}") = "Tutorial05Async", "Tutorial05Async\Tutorial05Async.csproj", "{D4CDE9BB-69A2-40B7-9A59-15F9B9EFDBA0}"
EndProject
Project("{9A19103F-16F7-4668-BE54-9A1E7A4F7556}") = "Tutorial06", "Tutorial06\Tutorial06.csproj", "{24876D67-74F7-4990-BD69-CE42A23C1F90}"
EndProject
Project("{9A19103F-16F7-4668-BE54-9A1E7A4F7556}") = "Tutorial07", "Tutorial07\Tutorial07.csproj", "{568B2B3D-2C7F-4858-9ED0-A1D3E1A84440}"
EndProject
Project("{9A19103F-16F7-4668-BE54-9A1E7A4F7556}") = "Tutorial08", "Tutorial08\Tutorial08.csproj", "{07808188-617B-4BFF-8BF6-2EC066F2C212}"
EndProject
Project("{9A19103F-16F7-4668-BE54-9A1E7A4F7556}") = "Tutorial09", "Tutorial09\Tutorial09.csproj", "{ADB7F9F9-D45D-414C-A527-8B6C764B0C20}"
EndProject
Project("{9A19103F-16F7-4668-BE54-9A1E7A4F7556}") = "Tutorial10", "Tutorial10\Tutorial10.csproj", "{BD677C08-E755-4190-8653-0CFB623BB19D}"
EndProject
Project("{9A19103F-16F7-4668-BE54-9A1E7A4F7556}") = "Tutorial10Async", "Tutorial10Async\Tutorial10Async.csproj", "{FAD6C990-2ECB-4F97-B6E1-AB8EDA2CAE78}"
EndProject
Project("{9A19103F-16F7-4668-BE54-9A1E7A4F7556}") = "Tutorial11", "Tutorial11\Tutorial11.csproj", "{86C0868C-2843-434D-B381-668234130A9C}"
EndProject
Project("{9A19103F-16F7-4668-BE54-9A1E7A4F7556}") = "Tutorial11Async", "Tutorial11Async\Tutorial11Async.csproj", "{FCF5E626-3CF1-452B-BE57-7FD72AFEB650}"
EndProject
Project("{9A19103F-16F7-4668-BE54-9A1E7A4F7556}") = "Tutorial12", "Tutorial12\Tutorial12.csproj", "{D71EA67F-7D57-43F4-B4C7-3C90C5D63552}"
EndProject
Project("{9A19103F-16F7-4668-BE54-9A1E7A4F7556}") = "Tutorial13", "Tutorial13\Tutorial13.csproj", "{6015ABE3-669F-4201-A0ED-5C699DB29F15}"
EndProject
Project("{9A19103F-16F7-4668-BE54-9A1E7A4F7556}") = "Tutorial14", "Tutorial14\Tutorial14.csproj", "{573F7AC4-40E3-4706-8CBB-0679DDE047F5}"
EndProject
Project("{9A19103F-16F7-4668-BE54-9A1E7A4F7556}") = "Tutorial15", "Tutorial15\Tutorial15.csproj", "{430F5DA7-DDAF-42E1-B3FF-313FE8DD127B}"
EndProject
Project("{9A19103F-16F7-4668-BE54-9A1E7A4F7556}") = "Tutorial16", "Tutorial16\Tutorial16.csproj", "{75E27C0F-B591-4D48-9ACA-AB9C9A85BE6B}"
EndProject
Global
	GlobalSection(SolutionConfigurationPlatforms) = preSolution
		Debug|Any CPU = Debug|Any CPU
		Release|Any CPU = Release|Any CPU
	EndGlobalSection
	GlobalSection(ProjectConfigurationPlatforms) = postSolution
		{DADA917F-E174-4FC9-BD69-F54A587E4FAA}.Debug|Any CPU.ActiveCfg = Debug|Any CPU
		{DADA917F-E174-4FC9-BD69-F54A587E4FAA}.Debug|Any CPU.Build.0 = Debug|Any CPU
		{DADA917F-E174-4FC9-BD69-F54A587E4FAA}.Release|Any CPU.ActiveCfg = Release|Any CPU
		{DADA917F-E174-4FC9-BD69-F54A587E4FAA}.Release|Any CPU.Build.0 = Release|Any CPU
		{09B5F009-3F9C-4C1E-A491-95403FC03CEA}.Debug|Any CPU.ActiveCfg = Debug|Any CPU
		{09B5F009-3F9C-4C1E-A491-95403FC03CEA}.Debug|Any CPU.Build.0 = Debug|Any CPU
		{09B5F009-3F9C-4C1E-A491-95403FC03CEA}.Release|Any CPU.ActiveCfg = Release|Any CPU
		{09B5F009-3F9C-4C1E-A491-95403FC03CEA}.Release|Any CPU.Build.0 = Release|Any CPU
		{54C2C037-D3AF-458D-9727-7D5167769B43}.Debug|Any CPU.ActiveCfg = Debug|Any CPU
		{54C2C037-D3AF-458D-9727-7D5167769B43}.Debug|Any CPU.Build.0 = Debug|Any CPU
		{54C2C037-D3AF-458D-9727-7D5167769B43}.Release|Any CPU.ActiveCfg = Release|Any CPU
		{54C2C037-D3AF-458D-9727-7D5167769B43}.Release|Any CPU.Build.0 = Release|Any CPU
		{83510712-8A08-46AB-8194-76D673E1C321}.Debug|Any CPU.ActiveCfg = Debug|Any CPU
		{83510712-8A08-46AB-8194-76D673E1C321}.Debug|Any CPU.Build.0 = Debug|Any CPU
		{83510712-8A08-46AB-8194-76D673E1C321}.Release|Any CPU.ActiveCfg = Release|Any CPU
		{83510712-8A08-46AB-8194-76D673E1C321}.Release|Any CPU.Build.0 = Release|Any CPU
		{4FD05CC8-A938-4EEC-9313-0790D2C3E805}.Debug|Any CPU.ActiveCfg = Debug|Any CPU
		{4FD05CC8-A938-4EEC-9313-0790D2C3E805}.Debug|Any CPU.Build.0 = Debug|Any CPU
		{4FD05CC8-A938-4EEC-9313-0790D2C3E805}.Release|Any CPU.ActiveCfg = Release|Any CPU
		{4FD05CC8-A938-4EEC-9313-0790D2C3E805}.Release|Any CPU.Build.0 = Release|Any CPU
		{43565DEB-1F9B-427A-A550-047A4B9027F3}.Debug|Any CPU.ActiveCfg = Debug|Any CPU
		{43565DEB-1F9B-427A-A550-047A4B9027F3}.Debug|Any CPU.Build.0 = Debug|Any CPU
		{43565DEB-1F9B-427A-A550-047A4B9027F3}.Release|Any CPU.ActiveCfg = Release|Any CPU
		{43565DEB-1F9B-427A-A550-047A4B9027F3}.Release|Any CPU.Build.0 = Release|Any CPU
		{EBF0383E-C565-4013-AB81-52BCC6AFFE3E}.Debug|Any CPU.ActiveCfg = Debug|Any CPU
		{EBF0383E-C565-4013-AB81-52BCC6AFFE3E}.Debug|Any CPU.Build.0 = Debug|Any CPU
		{EBF0383E-C565-4013-AB81-52BCC6AFFE3E}.Release|Any CPU.ActiveCfg = Release|Any CPU
		{EBF0383E-C565-4013-AB81-52BCC6AFFE3E}.Release|Any CPU.Build.0 = Release|Any CPU
		{5BCCEA85-66CE-46A3-9241-347078F5F93C}.Debug|Any CPU.ActiveCfg = Debug|Any CPU
		{5BCCEA85-66CE-46A3-9241-347078F5F93C}.Debug|Any CPU.Build.0 = Debug|Any CPU
		{5BCCEA85-66CE-46A3-9241-347078F5F93C}.Release|Any CPU.ActiveCfg = Release|Any CPU
		{5BCCEA85-66CE-46A3-9241-347078F5F93C}.Release|Any CPU.Build.0 = Release|Any CPU
		{8CA7711F-F1FD-41F7-B759-64215920D4D7}.Debug|Any CPU.ActiveCfg = Debug|Any CPU
		{8CA7711F-F1FD-41F7-B759-64215920D4D7}.Debug|Any CPU.Build.0 = Debug|Any CPU
		{8CA7711F-F1FD-41F7-B759-64215920D4D7}.Release|Any CPU.ActiveCfg = Release|Any CPU
		{8CA7711F-F1FD-41F7-B759-64215920D4D7}.Release|Any CPU.Build.0 = Release|Any CPU
		{E7FFF723-5695-4FE9-9EC7-BD9E6BB4EF0D}.Debug|Any CPU.ActiveCfg = Debug|Any CPU
		{E7FFF723-5695-4FE9-9EC7-BD9E6BB4EF0D}.Debug|Any CPU.Build.0 = Debug|Any CPU
		{E7FFF723-5695-4FE9-9EC7-BD9E6BB4EF0D}.Release|Any CPU.ActiveCfg = Release|Any CPU
		{E7FFF723-5695-4FE9-9EC7-BD9E6BB4EF0D}.Release|Any CPU.Build.0 = Release|Any CPU
		{D4CDE9BB-69A2-40B7-9A59-15F9B9EFDBA0}.Debug|Any CPU.ActiveCfg = Debug|Any CPU
		{D4CDE9BB-69A2-40B7-9A59-15F9B9EFDBA0}.Debug|Any CPU.Build.0 = Debug|Any CPU
		{D4CDE9BB-69A2-40B7-9A59-15F9B9EFDBA0}.Release|Any CPU.ActiveCfg = Release|Any CPU
		{D4CDE9BB-69A2-40B7-9A59-15F9B9EFDBA0}.Release|Any CPU.Build.0 = Release|Any CPU
		{24876D67-74F7-4990-BD69-CE42A23C1F90}.Debug|Any CPU.ActiveCfg = Debug|Any CPU
		{24876D67-74F7-4990-BD69-CE42A23C1F90}.Debug|Any CPU.Build.0 = Debug|Any CPU
		{24876D67-74F7-4990-BD69-CE42A23C1F90}.Release|Any CPU.ActiveCfg = Release|Any CPU
		{24876D67-74F7-4990-BD69-CE42A23C1F90}.Release|Any CPU.Build.0 = Release|Any CPU
		{568B2B3D-2C7F-4858-9ED0-A1D3E1A84440}.Debug|Any CPU.ActiveCfg = Debug|Any CPU
		{568B2B3D-2C7F-4858-9ED0-A1D3E1A84440}.Debug|Any CPU.Build.0 = Debug|Any CPU
		{568B2B3D-2C7F-4858-9ED0-A1D3E1A84440}.Release|Any CPU.ActiveCfg = Release|Any CPU
		{568B2B3D-2C7F-4858-9ED0-A1D3E1A84440}.Release|Any CPU.Build.0 = Release|Any CPU
		{07808188-617B-4BFF-8BF6-2EC066F2C212}.Debug|Any CPU.ActiveCfg = Debug|Any CPU
		{07808188-617B-4BFF-8BF6-2EC066F2C212}.Debug|Any CPU.Build.0 = Debug|Any CPU
		{07808188-617B-4BFF-8BF6-2EC066F2C212}.Release|Any CPU.ActiveCfg = Release|Any CPU
		{07808188-617B-4BFF-8BF6-2EC066F2C212}.Release|Any CPU.Build.0 = Release|Any CPU
		{ADB7F9F9-D45D-414C-A527-8B6C764B0C20}.Debug|Any CPU.ActiveCfg = Debug|Any CPU
		{ADB7F9F9-D45D-414C-A527-8B6C764B0C20}.Debug|Any CPU.Build.0 = Debug|Any CPU
		{ADB7F9F9-D45D-414C-A527-8B6C764B0C20}.Release|Any CPU.ActiveCfg = Release|Any CPU
		{ADB7F9F9-D45D-414C-A527-8B6C764B0C20}.Release|Any CPU.Build.0 = Release|Any CPU
		{BD677C08-E755-4190-8653-0CFB623BB19D}.Debug|Any CPU.ActiveCfg = Debug|Any CPU
		{BD677C08-E755-4190-8653-0CFB623BB19D}.Debug|Any CPU.Build.0 = Debug|Any CPU
		{BD677C08-E755-4190-8653-0CFB623BB19D}.Release|Any CPU.ActiveCfg = Release|Any CPU
		{BD677C08-E755-4190-8653-0CFB623BB19D}.Release|Any CPU.Build.0 = Release|Any CPU
		{FAD6C990-2ECB-4F97-B6E1-AB8EDA2CAE78}.Debug|Any CPU.ActiveCfg = Debug|Any CPU
		{FAD6C990-2ECB-4F97-B6E1-AB8EDA2CAE78}.Debug|Any CPU.Build.0 = Debug|Any CPU
		{FAD6C990-2ECB-4F97-B6E1-AB8EDA2CAE78}.Release|Any CPU.ActiveCfg = Release|Any CPU
		{FAD6C990-2ECB-4F97-B6E1-AB8EDA2CAE78}.Release|Any CPU.Build.0 = Release|Any CPU
		{86C0868C-2843-434D-B381-668234130A9C}.Debug|Any CPU.ActiveCfg = Debug|Any CPU
		{86C0868C-2843-434D-B381-668234130A9C}.Debug|Any CPU.Build.0 = Debug|Any CPU
		{86C0868C-2843-434D-B381-668234130A9C}.Release|Any CPU.ActiveCfg = Release|Any CPU
		{86C0868C-2843-434D-B381-668234130A9C}.Release|Any CPU.Build.0 = Release|Any CPU
		{FCF5E626-3CF1-452B-BE57-7FD72AFEB650}.Debug|Any CPU.ActiveCfg = Debug|Any CPU
		{FCF5E626-3CF1-452B-BE57-7FD72AFEB650}.Debug|Any CPU.Build.0 = Debug|Any CPU
		{FCF5E626-3CF1-452B-BE57-7FD72AFEB650}.Release|Any CPU.ActiveCfg = Release|Any CPU
		{FCF5E626-3CF1-452B-BE57-7FD72AFEB650}.Release|Any CPU.Build.0 = Release|Any CPU
		{D71EA67F-7D57-43F4-B4C7-3C90C5D63552}.Debug|Any CPU.ActiveCfg = Debug|Any CPU
		{D71EA67F-7D57-43F4-B4C7-3C90C5D63552}.Debug|Any CPU.Build.0 = Debug|Any CPU
		{D71EA67F-7D57-43F4-B4C7-3C90C5D63552}.Release|Any CPU.ActiveCfg = Release|Any CPU
		{D71EA67F-7D57-43F4-B4C7-3C90C5D63552}.Release|Any CPU.Build.0 = Release|Any CPU
		{6015ABE3-669F-4201-A0ED-5C699DB29F15}.Debug|Any CPU.ActiveCfg = Debug|Any CPU
		{6015ABE3-669F-4201-A0ED-5C699DB29F15}.Debug|Any CPU.Build.0 = Debug|Any CPU
		{6015ABE3-669F-4201-A0ED-5C699DB29F15}.Release|Any CPU.ActiveCfg = Release|Any CPU
		{6015ABE3-669F-4201-A0ED-5C699DB29F15}.Release|Any CPU.Build.0 = Release|Any CPU
		{573F7AC4-40E3-4706-8CBB-0679DDE047F5}.Debug|Any CPU.ActiveCfg = Debug|Any CPU
		{573F7AC4-40E3-4706-8CBB-0679DDE047F5}.Debug|Any CPU.Build.0 = Debug|Any CPU
		{573F7AC4-40E3-4706-8CBB-0679DDE047F5}.Release|Any CPU.ActiveCfg = Release|Any CPU
		{573F7AC4-40E3-4706-8CBB-0679DDE047F5}.Release|Any CPU.Build.0 = Release|Any CPU
		{430F5DA7-DDAF-42E1-B3FF-313FE8DD127B}.Debug|Any CPU.ActiveCfg = Debug|Any CPU
		{430F5DA7-DDAF-42E1-B3FF-313FE8DD127B}.Debug|Any CPU.Build.0 = Debug|Any CPU
		{430F5DA7-DDAF-42E1-B3FF-313FE8DD127B}.Release|Any CPU.ActiveCfg = Release|Any CPU
		{430F5DA7-DDAF-42E1-B3FF-313FE8DD127B}.Release|Any CPU.Build.0 = Release|Any CPU
		{75E27C0F-B591-4D48-9ACA-AB9C9A85BE6B}.Debug|Any CPU.ActiveCfg = Debug|Any CPU
		{75E27C0F-B591-4D48-9ACA-AB9C9A85BE6B}.Debug|Any CPU.Build.0 = Debug|Any CPU
		{75E27C0F-B591-4D48-9ACA-AB9C9A85BE6B}.Release|Any CPU.ActiveCfg = Release|Any CPU
		{75E27C0F-B591-4D48-9ACA-AB9C9A85BE6B}.Release|Any CPU.Build.0 = Release|Any CPU
	EndGlobalSection
	GlobalSection(SolutionProperties) = preSolution
		HideSolutionNode = FALSE
	EndGlobalSection
	GlobalSection(ExtensibilityGlobals) = postSolution
		SolutionGuid = {B228B783-2C30-42C1-86B1-69EB08F92E31}
	EndGlobalSection
EndGlobal
