
Microsoft Visual Studio Solution File, Format Version 12.00
# Visual Studio Version 17
VisualStudioVersion = 17.1.32228.430
MinimumVisualStudioVersion = 10.0.40219.1
Project("{9A19103F-16F7-4668-BE54-9A1E7A4F7556}") = "CodeGenerator", "gen\CodeGenerator\CodeGenerator.csproj", "{535D3882-DF10-4097-B103-3307DFB19F5D}"
EndProject
Project("{9A19103F-16F7-4668-BE54-9A1E7A4F7556}") = "MetamodelDigest", "gen\MetamodelDigest\MetamodelDigest.csproj", "{4E323FF2-94D0-4196-82A7-E9B041C7A9A4}"
EndProject
Project("{9A19103F-16F7-4668-BE54-9A1E7A4F7556}") = "ParserGenerator", "gen\ParserGenerator\ParserGenerator.csproj", "{02E84224-DE95-4849-BA64-5026D68AC701}"
EndProject
Project("{9A19103F-16F7-4668-BE54-9A1E7A4F7556}") = "UnitTestGenerator", "gen\UnitTestGenerator\UnitTestGenerator.csproj", "{0833D4BB-BEBA-4465-94A1-D532181BD7E0}"
EndProject
Project("{9A19103F-16F7-4668-BE54-9A1E7A4F7556}") = "ParserUnitTest", "tests\ParserUnitTest\ParserUnitTest.csproj", "{CFD8DA55-3713-44E4-8FA5-3939AA615A3B}"
EndProject
Project("{9A19103F-16F7-4668-BE54-9A1E7A4F7556}") = "TutorialExtractor", "gen\TutorialExtractor\TutorialExtractor.csproj", "{0E6A1695-16A9-4AF2-91C1-34EF67904C13}"
EndProject
Project("{9A19103F-16F7-4668-BE54-9A1E7A4F7556}") = "FlowTracer", "gen\FlowTracer\FlowTracer.csproj", "{9475D61F-7FF6-44CC-8148-A622558D168B}"
EndProject
Project("{9A19103F-16F7-4668-BE54-9A1E7A4F7556}") = "Remodel", "src\Remodel\Remodel.csproj", "{F7D316F3-BB4E-427D-91E2-697BE3190D88}"
EndProject
Project("{9A19103F-16F7-4668-BE54-9A1E7A4F7556}") = "RemodelGenerator", "gen\RemodelGenerator\RemodelGenerator.csproj", "{6016372B-B354-4FD1-8CEC-EE1A30CE8FE5}"
EndProject
Project("{2150E333-8FDC-42A3-9474-1A3956D46DE8}") = "gen", "gen", "{E754E297-B718-4501-BA69-A58863D29DB6}"
EndProject
Project("{2150E333-8FDC-42A3-9474-1A3956D46DE8}") = "tests", "tests", "{6E7B3C5B-1A14-40A5-9E40-616828A3FE34}"
EndProject
Project("{2150E333-8FDC-42A3-9474-1A3956D46DE8}") = "src", "src", "{972CD45A-805C-49F4-98F3-ED70C349D0F0}"
EndProject
Project("{9A19103F-16F7-4668-BE54-9A1E7A4F7556}") = "DTDLParser", "src\DTDLParser\DTDLParser.csproj", "{DADA917F-E174-4FC9-BD69-F54A587E4FAA}"
EndProject
Global
	GlobalSection(SolutionConfigurationPlatforms) = preSolution
		Debug|Any CPU = Debug|Any CPU
		Release|Any CPU = Release|Any CPU
	EndGlobalSection
	GlobalSection(ProjectConfigurationPlatforms) = postSolution
		{535D3882-DF10-4097-B103-3307DFB19F5D}.Debug|Any CPU.ActiveCfg = Debug|Any CPU
		{535D3882-DF10-4097-B103-3307DFB19F5D}.Debug|Any CPU.Build.0 = Debug|Any CPU
		{535D3882-DF10-4097-B103-3307DFB19F5D}.Release|Any CPU.ActiveCfg = Release|Any CPU
		{535D3882-DF10-4097-B103-3307DFB19F5D}.Release|Any CPU.Build.0 = Release|Any CPU
		{4E323FF2-94D0-4196-82A7-E9B041C7A9A4}.Debug|Any CPU.ActiveCfg = Debug|Any CPU
		{4E323FF2-94D0-4196-82A7-E9B041C7A9A4}.Debug|Any CPU.Build.0 = Debug|Any CPU
		{4E323FF2-94D0-4196-82A7-E9B041C7A9A4}.Release|Any CPU.ActiveCfg = Release|Any CPU
		{4E323FF2-94D0-4196-82A7-E9B041C7A9A4}.Release|Any CPU.Build.0 = Release|Any CPU
		{02E84224-DE95-4849-BA64-5026D68AC701}.Debug|Any CPU.ActiveCfg = Debug|Any CPU
		{02E84224-DE95-4849-BA64-5026D68AC701}.Debug|Any CPU.Build.0 = Debug|Any CPU
		{02E84224-DE95-4849-BA64-5026D68AC701}.Release|Any CPU.ActiveCfg = Release|Any CPU
		{02E84224-DE95-4849-BA64-5026D68AC701}.Release|Any CPU.Build.0 = Release|Any CPU
		{0833D4BB-BEBA-4465-94A1-D532181BD7E0}.Debug|Any CPU.ActiveCfg = Debug|Any CPU
		{0833D4BB-BEBA-4465-94A1-D532181BD7E0}.Debug|Any CPU.Build.0 = Debug|Any CPU
		{0833D4BB-BEBA-4465-94A1-D532181BD7E0}.Release|Any CPU.ActiveCfg = Release|Any CPU
		{0833D4BB-BEBA-4465-94A1-D532181BD7E0}.Release|Any CPU.Build.0 = Release|Any CPU
		{CFD8DA55-3713-44E4-8FA5-3939AA615A3B}.Debug|Any CPU.ActiveCfg = Debug|Any CPU
		{CFD8DA55-3713-44E4-8FA5-3939AA615A3B}.Debug|Any CPU.Build.0 = Debug|Any CPU
		{CFD8DA55-3713-44E4-8FA5-3939AA615A3B}.Release|Any CPU.ActiveCfg = Release|Any CPU
		{CFD8DA55-3713-44E4-8FA5-3939AA615A3B}.Release|Any CPU.Build.0 = Release|Any CPU
		{0E6A1695-16A9-4AF2-91C1-34EF67904C13}.Debug|Any CPU.ActiveCfg = Debug|Any CPU
		{0E6A1695-16A9-4AF2-91C1-34EF67904C13}.Debug|Any CPU.Build.0 = Debug|Any CPU
		{0E6A1695-16A9-4AF2-91C1-34EF67904C13}.Release|Any CPU.ActiveCfg = Release|Any CPU
		{0E6A1695-16A9-4AF2-91C1-34EF67904C13}.Release|Any CPU.Build.0 = Release|Any CPU
		{9475D61F-7FF6-44CC-8148-A622558D168B}.Debug|Any CPU.ActiveCfg = Debug|Any CPU
		{9475D61F-7FF6-44CC-8148-A622558D168B}.Debug|Any CPU.Build.0 = Debug|Any CPU
		{9475D61F-7FF6-44CC-8148-A622558D168B}.Release|Any CPU.ActiveCfg = Release|Any CPU
		{9475D61F-7FF6-44CC-8148-A622558D168B}.Release|Any CPU.Build.0 = Release|Any CPU
		{F7D316F3-BB4E-427D-91E2-697BE3190D88}.Debug|Any CPU.ActiveCfg = Debug|Any CPU
		{F7D316F3-BB4E-427D-91E2-697BE3190D88}.Debug|Any CPU.Build.0 = Debug|Any CPU
		{F7D316F3-BB4E-427D-91E2-697BE3190D88}.Release|Any CPU.ActiveCfg = Release|Any CPU
		{F7D316F3-BB4E-427D-91E2-697BE3190D88}.Release|Any CPU.Build.0 = Release|Any CPU
		{6016372B-B354-4FD1-8CEC-EE1A30CE8FE5}.Debug|Any CPU.ActiveCfg = Debug|Any CPU
		{6016372B-B354-4FD1-8CEC-EE1A30CE8FE5}.Debug|Any CPU.Build.0 = Debug|Any CPU
		{6016372B-B354-4FD1-8CEC-EE1A30CE8FE5}.Release|Any CPU.ActiveCfg = Release|Any CPU
		{6016372B-B354-4FD1-8CEC-EE1A30CE8FE5}.Release|Any CPU.Build.0 = Release|Any CPU
		{DADA917F-E174-4FC9-BD69-F54A587E4FAA}.Debug|Any CPU.ActiveCfg = Debug|Any CPU
		{DADA917F-E174-4FC9-BD69-F54A587E4FAA}.Debug|Any CPU.Build.0 = Debug|Any CPU
		{DADA917F-E174-4FC9-BD69-F54A587E4FAA}.Release|Any CPU.ActiveCfg = Release|Any CPU
		{DADA917F-E174-4FC9-BD69-F54A587E4FAA}.Release|Any CPU.Build.0 = Release|Any CPU
	EndGlobalSection
	GlobalSection(SolutionProperties) = preSolution
		HideSolutionNode = FALSE
	EndGlobalSection
	GlobalSection(NestedProjects) = preSolution
		{535D3882-DF10-4097-B103-3307DFB19F5D} = {E754E297-B718-4501-BA69-A58863D29DB6}
		{4E323FF2-94D0-4196-82A7-E9B041C7A9A4} = {E754E297-B718-4501-BA69-A58863D29DB6}
		{02E84224-DE95-4849-BA64-5026D68AC701} = {E754E297-B718-4501-BA69-A58863D29DB6}
		{0833D4BB-BEBA-4465-94A1-D532181BD7E0} = {E754E297-B718-4501-BA69-A58863D29DB6}
		{CFD8DA55-3713-44E4-8FA5-3939AA615A3B} = {6E7B3C5B-1A14-40A5-9E40-616828A3FE34}
		{0E6A1695-16A9-4AF2-91C1-34EF67904C13} = {E754E297-B718-4501-BA69-A58863D29DB6}
		{9475D61F-7FF6-44CC-8148-A622558D168B} = {E754E297-B718-4501-BA69-A58863D29DB6}
		{F7D316F3-BB4E-427D-91E2-697BE3190D88} = {972CD45A-805C-49F4-98F3-ED70C349D0F0}
		{6016372B-B354-4FD1-8CEC-EE1A30CE8FE5} = {E754E297-B718-4501-BA69-A58863D29DB6}
		{DADA917F-E174-4FC9-BD69-F54A587E4FAA} = {972CD45A-805C-49F4-98F3-ED70C349D0F0}
	EndGlobalSection
	GlobalSection(ExtensibilityGlobals) = postSolution
		SolutionGuid = {05FAFB89-338A-4C3E-8E2E-56C72915268C}
	EndGlobalSection
EndGlobal
