Microsoft Visual Studio Solution File, Format Version 12.00
# Visual Studio Version 17
VisualStudioVersion = 17.4.33403.182
MinimumVisualStudioVersion = 10.0.40219.1
Project("{9A19103F-16F7-4668-BE54-9A1E7A4F7556}") = "DTDLParserJSInteropSample", "DTDLParserJSInteropSample\DTDLParserJSInteropSample.csproj", "{DDEED151-7E33-4DE1-89A1-B98B9B10EE0F}"
EndProject
Project("{9A19103F-16F7-4668-BE54-9A1E7A4F7556}") = "Parser", "..\dotnet\src\DTDLParser\DTDLParser.csproj", "{C8A55903-241C-415E-814A-4DF3BC6ECC22}"
EndProject
Project("{9A19103F-16F7-4668-BE54-9A1E7A4F7556}") = "DTDLParserResolveSample", "DTDLParserResolveSample\DTDLParserResolveSample.csproj", "{0933F862-698F-42E7-8C70-CD76B6F505B3}"
EndProject
Project("{2150E333-8FDC-42A3-9474-1A3956D46DE8}") = "Solution Items", "Solution Items", "{0FBE3C5F-77DB-428B-8CE9-85FE787DE3E6}"
	ProjectSection(SolutionItems) = preProject
		README.md = README.md
	EndProjectSection
EndProject
Global
	GlobalSection(SolutionConfigurationPlatforms) = preSolution
		Debug|Any CPU = Debug|Any CPU
		Release|Any CPU = Release|Any CPU
	EndGlobalSection
	GlobalSection(ProjectConfigurationPlatforms) = postSolution
		{DDEED151-7E33-4DE1-89A1-B98B9B10EE0F}.Debug|Any CPU.ActiveCfg = Debug|Any CPU
		{DDEED151-7E33-4DE1-89A1-B98B9B10EE0F}.Debug|Any CPU.Build.0 = Debug|Any CPU
		{DDEED151-7E33-4DE1-89A1-B98B9B10EE0F}.Release|Any CPU.ActiveCfg = Release|Any CPU
		{DDEED151-7E33-4DE1-89A1-B98B9B10EE0F}.Release|Any CPU.Build.0 = Release|Any CPU
		{C8A55903-241C-415E-814A-4DF3BC6ECC22}.Debug|Any CPU.ActiveCfg = Debug|Any CPU
		{C8A55903-241C-415E-814A-4DF3BC6ECC22}.Debug|Any CPU.Build.0 = Debug|Any CPU
		{C8A55903-241C-415E-814A-4DF3BC6ECC22}.Release|Any CPU.ActiveCfg = Release|Any CPU
		{C8A55903-241C-415E-814A-4DF3BC6ECC22}.Release|Any CPU.Build.0 = Release|Any CPU
		{0933F862-698F-42E7-8C70-CD76B6F505B3}.Debug|Any CPU.ActiveCfg = Debug|Any CPU
		{0933F862-698F-42E7-8C70-CD76B6F505B3}.Debug|Any CPU.Build.0 = Debug|Any CPU
		{0933F862-698F-42E7-8C70-CD76B6F505B3}.Release|Any CPU.ActiveCfg = Release|Any CPU
		{0933F862-698F-42E7-8C70-CD76B6F505B3}.Release|Any CPU.Build.0 = Release|Any CPU
	EndGlobalSection
	GlobalSection(SolutionProperties) = preSolution
		HideSolutionNode = FALSE
	EndGlobalSection
	GlobalSection(ExtensibilityGlobals) = postSolution
		SolutionGuid = {F51175CF-5BAC-4513-8873-253F9CE8E12F}
	EndGlobalSection
EndGlobal
